
Microsoft Visual Studio Solution File, Format Version 12.00
# Visual Studio Version 16
VisualStudioVersion = 16.0.31321.278
MinimumVisualStudioVersion = 10.0.40219.1
Project("{FAE04EC0-301F-11D3-BF4B-00C04F79EFBC}") = "CalculatorTest", "CalculatorTest\CalculatorTest.csproj", "{5E9AF637-7EDC-4066-AAD9-3F949131752D}"
EndProject
Project("{FAE04EC0-301F-11D3-BF4B-00C04F79EFBC}") = "Calculator", "Calculator\Calculator.csproj", "{783BF795-D94F-4490-8965-0838CD7B211E}"
EndProject
Global
	GlobalSection(SolutionConfigurationPlatforms) = preSolution
		Debug|Any CPU = Debug|Any CPU
		Release|Any CPU = Release|Any CPU
	EndGlobalSection
	GlobalSection(ProjectConfigurationPlatforms) = postSolution
		{5E9AF637-7EDC-4066-AAD9-3F949131752D}.Debug|Any CPU.ActiveCfg = Debug|Any CPU
		{5E9AF637-7EDC-4066-AAD9-3F949131752D}.Debug|Any CPU.Build.0 = Debug|Any CPU
		{5E9AF637-7EDC-4066-AAD9-3F949131752D}.Release|Any CPU.ActiveCfg = Release|Any CPU
		{5E9AF637-7EDC-4066-AAD9-3F949131752D}.Release|Any CPU.Build.0 = Release|Any CPU
		{783BF795-D94F-4490-8965-0838CD7B211E}.Debug|Any CPU.ActiveCfg = Debug|Any CPU
		{783BF795-D94F-4490-8965-0838CD7B211E}.Debug|Any CPU.Build.0 = Debug|Any CPU
		{783BF795-D94F-4490-8965-0838CD7B211E}.Release|Any CPU.ActiveCfg = Release|Any CPU
		{783BF795-D94F-4490-8965-0838CD7B211E}.Release|Any CPU.Build.0 = Release|Any CPU
	EndGlobalSection
	GlobalSection(SolutionProperties) = preSolution
		HideSolutionNode = FALSE
	EndGlobalSection
	GlobalSection(ExtensibilityGlobals) = postSolution
		SolutionGuid = {F71D10A8-84FA-49F7-A6DE-7B42B63810D7}
	EndGlobalSection
EndGlobal
