
Microsoft Visual Studio Solution File, Format Version 12.00
# Visual Studio Version 16
VisualStudioVersion = 16.0.31321.278
MinimumVisualStudioVersion = 10.0.40219.1
Project("{FAE04EC0-301F-11D3-BF4B-00C04F79EFBC}") = "DBemp", "DBemp\DBemp.csproj", "{1F77CA4D-6719-4EDE-9CA7-4D7B73B5F4B3}"
EndProject
Global
	GlobalSection(SolutionConfigurationPlatforms) = preSolution
		Debug|Any CPU = Debug|Any CPU
		Release|Any CPU = Release|Any CPU
	EndGlobalSection
	GlobalSection(ProjectConfigurationPlatforms) = postSolution
		{1F77CA4D-6719-4EDE-9CA7-4D7B73B5F4B3}.Debug|Any CPU.ActiveCfg = Debug|Any CPU
		{1F77CA4D-6719-4EDE-9CA7-4D7B73B5F4B3}.Debug|Any CPU.Build.0 = Debug|Any CPU
		{1F77CA4D-6719-4EDE-9CA7-4D7B73B5F4B3}.Release|Any CPU.ActiveCfg = Release|Any CPU
		{1F77CA4D-6719-4EDE-9CA7-4D7B73B5F4B3}.Release|Any CPU.Build.0 = Release|Any CPU
	EndGlobalSection
	GlobalSection(SolutionProperties) = preSolution
		HideSolutionNode = FALSE
	EndGlobalSection
	GlobalSection(ExtensibilityGlobals) = postSolution
		SolutionGuid = {ECABEE0B-9111-4885-91ED-505FA94FB14D}
	EndGlobalSection
EndGlobal
