
Microsoft Visual Studio Solution File, Format Version 12.00
# Visual Studio Version 16
VisualStudioVersion = 16.0.31321.278
MinimumVisualStudioVersion = 10.0.40219.1
Project("{FAE04EC0-301F-11D3-BF4B-00C04F79EFBC}") = "ClassLibrary1", "ClassLibrary1\ClassLibrary1.csproj", "{EA962740-91D5-4261-8ACC-366EF0F75E52}"
EndProject
Project("{FAE04EC0-301F-11D3-BF4B-00C04F79EFBC}") = "ConsoleApp1", "ConsoleApp1\ConsoleApp1.csproj", "{F211A270-DB6E-4C7A-B716-59653E2E66F1}"
EndProject
Global
	GlobalSection(SolutionConfigurationPlatforms) = preSolution
		Debug|Any CPU = Debug|Any CPU
		Release|Any CPU = Release|Any CPU
	EndGlobalSection
	GlobalSection(ProjectConfigurationPlatforms) = postSolution
		{EA962740-91D5-4261-8ACC-366EF0F75E52}.Debug|Any CPU.ActiveCfg = Debug|Any CPU
		{EA962740-91D5-4261-8ACC-366EF0F75E52}.Debug|Any CPU.Build.0 = Debug|Any CPU
		{EA962740-91D5-4261-8ACC-366EF0F75E52}.Release|Any CPU.ActiveCfg = Release|Any CPU
		{EA962740-91D5-4261-8ACC-366EF0F75E52}.Release|Any CPU.Build.0 = Release|Any CPU
		{F211A270-DB6E-4C7A-B716-59653E2E66F1}.Debug|Any CPU.ActiveCfg = Debug|Any CPU
		{F211A270-DB6E-4C7A-B716-59653E2E66F1}.Debug|Any CPU.Build.0 = Debug|Any CPU
		{F211A270-DB6E-4C7A-B716-59653E2E66F1}.Release|Any CPU.ActiveCfg = Release|Any CPU
		{F211A270-DB6E-4C7A-B716-59653E2E66F1}.Release|Any CPU.Build.0 = Release|Any CPU
	EndGlobalSection
	GlobalSection(SolutionProperties) = preSolution
		HideSolutionNode = FALSE
	EndGlobalSection
	GlobalSection(ExtensibilityGlobals) = postSolution
		SolutionGuid = {6B893137-CA2A-47D8-8F6B-A873DD019E69}
	EndGlobalSection
EndGlobal
