
Microsoft Visual Studio Solution File, Format Version 12.00
# Visual Studio Version 16
VisualStudioVersion = 16.0.31321.278
MinimumVisualStudioVersion = 10.0.40219.1
Project("{FAE04EC0-301F-11D3-BF4B-00C04F79EFBC}") = "Serializaton", "Serializaton\Serializaton.csproj", "{830A1485-D13D-4D17-B2CD-B8D9CF24C9FF}"
EndProject
Global
	GlobalSection(SolutionConfigurationPlatforms) = preSolution
		Debug|Any CPU = Debug|Any CPU
		Release|Any CPU = Release|Any CPU
	EndGlobalSection
	GlobalSection(ProjectConfigurationPlatforms) = postSolution
		{830A1485-D13D-4D17-B2CD-B8D9CF24C9FF}.Debug|Any CPU.ActiveCfg = Debug|Any CPU
		{830A1485-D13D-4D17-B2CD-B8D9CF24C9FF}.Debug|Any CPU.Build.0 = Debug|Any CPU
		{830A1485-D13D-4D17-B2CD-B8D9CF24C9FF}.Release|Any CPU.ActiveCfg = Release|Any CPU
		{830A1485-D13D-4D17-B2CD-B8D9CF24C9FF}.Release|Any CPU.Build.0 = Release|Any CPU
	EndGlobalSection
	GlobalSection(SolutionProperties) = preSolution
		HideSolutionNode = FALSE
	EndGlobalSection
	GlobalSection(ExtensibilityGlobals) = postSolution
		SolutionGuid = {18159133-AF0B-44B0-BB31-9C304C8D8F50}
	EndGlobalSection
EndGlobal
