
Microsoft Visual Studio Solution File, Format Version 12.00
# Visual Studio Version 16
VisualStudioVersion = 16.0.31321.278
MinimumVisualStudioVersion = 10.0.40219.1
Project("{FAE04EC0-301F-11D3-BF4B-00C04F79EFBC}") = "SwaggerAPI", "SwaggerAPI\SwaggerAPI.csproj", "{46B8B331-016F-44BD-A4BB-DF84FFDCFEDF}"
EndProject
Global
	GlobalSection(SolutionConfigurationPlatforms) = preSolution
		Debug|Any CPU = Debug|Any CPU
		Release|Any CPU = Release|Any CPU
	EndGlobalSection
	GlobalSection(ProjectConfigurationPlatforms) = postSolution
		{46B8B331-016F-44BD-A4BB-DF84FFDCFEDF}.Debug|Any CPU.ActiveCfg = Debug|Any CPU
		{46B8B331-016F-44BD-A4BB-DF84FFDCFEDF}.Debug|Any CPU.Build.0 = Debug|Any CPU
		{46B8B331-016F-44BD-A4BB-DF84FFDCFEDF}.Release|Any CPU.ActiveCfg = Release|Any CPU
		{46B8B331-016F-44BD-A4BB-DF84FFDCFEDF}.Release|Any CPU.Build.0 = Release|Any CPU
	EndGlobalSection
	GlobalSection(SolutionProperties) = preSolution
		HideSolutionNode = FALSE
	EndGlobalSection
	GlobalSection(ExtensibilityGlobals) = postSolution
		SolutionGuid = {67C4782F-BDB1-4066-A475-8C8F36B630EA}
	EndGlobalSection
EndGlobal
