
Microsoft Visual Studio Solution File, Format Version 12.00
# Visual Studio Version 16
VisualStudioVersion = 16.0.31321.278
MinimumVisualStudioVersion = 10.0.40219.1
Project("{FAE04EC0-301F-11D3-BF4B-00C04F79EFBC}") = "WithMoq", "WithMoq\WithMoq.csproj", "{1BC54E27-3A33-493E-9ADA-157D4774F648}"
EndProject
Project("{FAE04EC0-301F-11D3-BF4B-00C04F79EFBC}") = "TestProject1", "TestProject1\TestProject1.csproj", "{86AA1295-3B40-46F3-8ACB-AC79E7A354B6}"
EndProject
Global
	GlobalSection(SolutionConfigurationPlatforms) = preSolution
		Debug|Any CPU = Debug|Any CPU
		Release|Any CPU = Release|Any CPU
	EndGlobalSection
	GlobalSection(ProjectConfigurationPlatforms) = postSolution
		{1BC54E27-3A33-493E-9ADA-157D4774F648}.Debug|Any CPU.ActiveCfg = Debug|Any CPU
		{1BC54E27-3A33-493E-9ADA-157D4774F648}.Debug|Any CPU.Build.0 = Debug|Any CPU
		{1BC54E27-3A33-493E-9ADA-157D4774F648}.Release|Any CPU.ActiveCfg = Release|Any CPU
		{1BC54E27-3A33-493E-9ADA-157D4774F648}.Release|Any CPU.Build.0 = Release|Any CPU
		{86AA1295-3B40-46F3-8ACB-AC79E7A354B6}.Debug|Any CPU.ActiveCfg = Debug|Any CPU
		{86AA1295-3B40-46F3-8ACB-AC79E7A354B6}.Debug|Any CPU.Build.0 = Debug|Any CPU
		{86AA1295-3B40-46F3-8ACB-AC79E7A354B6}.Release|Any CPU.ActiveCfg = Release|Any CPU
		{86AA1295-3B40-46F3-8ACB-AC79E7A354B6}.Release|Any CPU.Build.0 = Release|Any CPU
	EndGlobalSection
	GlobalSection(SolutionProperties) = preSolution
		HideSolutionNode = FALSE
	EndGlobalSection
	GlobalSection(ExtensibilityGlobals) = postSolution
		SolutionGuid = {7D3E6B97-F7F0-4E13-A67D-7EFDEBF65259}
	EndGlobalSection
EndGlobal
